Microsoft Visual Studio Solution File, Format Version 12.00
# Visual Studio Version 17
VisualStudioVersion = 17.11.35312.102
MinimumVisualStudioVersion = 10.0.40219.1
Project("{9A19103F-16F7-4668-BE54-9A1E7A4F7556}") = "ObjectListView2008", "ObjectListView\ObjectListView\ObjectListView2008.csproj", "{18FEDA0C-D147-4286-B39A-01204808106A}"
EndProject
Project("{2150E333-8FDC-42A3-9474-1A3956D46DE8}") = "Editors", "Editors", "{756FDE67-5C95-4BFC-BFEA-8BB6F41FCBE9}"
EndProject
Project("{2150E333-8FDC-42A3-9474-1A3956D46DE8}") = "3rd Party Libraries", "3rd Party Libraries", "{FDD527A4-C86B-45B4-A469-D592FDB0B864}"
EndProject
Project("{2150E333-8FDC-42A3-9474-1A3956D46DE8}") = "Libraries", "Libraries", "{9AB2D95A-1FC5-4CEC-87E9-2ACCEA52DF74}"
EndProject
Project("{9A19103F-16F7-4668-BE54-9A1E7A4F7556}") = "SF3Lib", "SF3Lib\SF3Lib.csproj", "{E0FA4C78-8ADF-4B68-A63B-74C76E868940}"
EndProject
Project("{9A19103F-16F7-4668-BE54-9A1E7A4F7556}") = "SF3LibTests", "SF3LibTests\SF3LibTests.csproj", "{4FBA2497-27D0-42EB-9033-1D7BC6CCD727}"
EndProject
Project("{9A19103F-16F7-4668-BE54-9A1E7A4F7556}") = "DFRTool", "DFRTool\DFRTool.csproj", "{5FD914BF-326D-4BCD-8858-EAEB83490712}"
EndProject
Project("{9A19103F-16F7-4668-BE54-9A1E7A4F7556}") = "DFRLib", "DFRLib\DFRLib.csproj", "{374A86FE-863F-4509-922D-CAE6E0FEA139}"
EndProject
Project("{9A19103F-16F7-4668-BE54-9A1E7A4F7556}") = "DFRLibTests", "DFRLibTests\DFRLibTests.csproj", "{1A41FB82-FF26-46DC-A03F-6C5BF0B8A069}"
EndProject
Project("{2150E333-8FDC-42A3-9474-1A3956D46DE8}") = "Solution Items", "Solution Items", "{0438A3EA-0B6B-486B-9B8F-B039F2158C75}"
	ProjectSection(SolutionItems) = preProject
		.editorconfig = .editorconfig
		.gitignore = .gitignore
		CHANGELOG.md = CHANGELOG.md
		README.md = README.md
	EndProjectSection
EndProject
Project("{9A19103F-16F7-4668-BE54-9A1E7A4F7556}") = "DFRToolGUI", "DFRToolGUI\DFRToolGUI.csproj", "{1D20A93D-B1F0-4DAF-9B7B-072EF671C02D}"
EndProject
Project("{9A19103F-16F7-4668-BE54-9A1E7A4F7556}") = "CommonLib", "CommonLib\CommonLib.csproj", "{DBD21823-582A-4A42-92AB-3294E013A4A4}"
EndProject
Project("{9A19103F-16F7-4668-BE54-9A1E7A4F7556}") = "CommonLibWin", "CommonLibWin\CommonLibWin.csproj", "{5FE12345-C218-45BE-8947-B90000000000}"
EndProject
Project("{9A19103F-16F7-4668-BE54-9A1E7A4F7556}") = "CommonLibTests", "CommonLibTests\CommonLibTests.csproj", "{94ADF39C-8E74-4ED3-8213-85E2DFAA9746}"
EndProject
Project("{2150E333-8FDC-42A3-9474-1A3956D46DE8}") = "Applications", "Applications", "{937D14A0-1E8B-4E10-B344-BB5D61E18AF2}"
EndProject
Project("{2150E333-8FDC-42A3-9474-1A3956D46DE8}") = "Tests", "Tests", "{F90465F3-B791-4EAF-A6B6-D22BFD49C8D7}"
EndProject
Project("{9A19103F-16F7-4668-BE54-9A1E7A4F7556}") = "SF3LibWin", "SF3LibWin\SF3LibWin.csproj", "{5FE40461-C218-45BE-8947-9B4A8D8291FD}"
EndProject
Project("{2150E333-8FDC-42A3-9474-1A3956D46DE8}") = "Tools", "Tools", "{52684BA4-CD9B-47C8-B295-A4E504175F3C}"
EndProject
Project("{9A19103F-16F7-4668-BE54-9A1E7A4F7556}") = "Grayscaler", "Grayscaler\Grayscaler.csproj", "{759D7B69-16A8-4C18-AE35-4161B1681F97}"
EndProject
Project("{9A19103F-16F7-4668-BE54-9A1E7A4F7556}") = "SF3Editor", "SF3Editor\SF3Editor.csproj", "{52B0E927-DEF0-4412-BE16-E9D3B5782286}"
EndProject
Project("{9A19103F-16F7-4668-BE54-9A1E7A4F7556}") = "DFRLibWin", "DFRLibWin\DFRLibWin.csproj", "{315B2FD5-5EBF-4D60-A38C-23D25A4035BD}"
EndProject
Project("{2150E333-8FDC-42A3-9474-1A3956D46DE8}") = "SampleApps", "SampleApps", "{276CACEF-0514-435D-91BF-F2D043C44667}"
EndProject
Project("{9A19103F-16F7-4668-BE54-9A1E7A4F7556}") = "TextureExtractor", "TextureExtractor\TextureExtractor.csproj", "{F983BE50-106A-4E2B-8026-EC4B18A2B885}"
EndProject
Project("{9A19103F-16F7-4668-BE54-9A1E7A4F7556}") = "LightPaletteSetter", "LightPaletteSetter\LightPaletteSetter.csproj", "{EF731AA5-0B9B-4C68-A130-A32F50709F0A}"
EndProject
Project("{9A19103F-16F7-4668-BE54-9A1E7A4F7556}") = "MPD_Analyzer", "MPD_Analyzer\MPD_Analyzer.csproj", "{81519AE3-94D5-4F2B-B987-09084BD6F2A8}"
EndProject
Project("{9A19103F-16F7-4668-BE54-9A1E7A4F7556}") = "Randomizer", "Randomizer\Randomizer.csproj", "{FB4791C1-6FD1-48E2-8160-EBCC9884ECD5}"
EndProject
Project("{2150E333-8FDC-42A3-9474-1A3956D46DE8}") = "Analysis", "Analysis", "{9EFB5BD3-9C21-482C-B307-C1D72B37740B}"
EndProject
Project("{9A19103F-16F7-4668-BE54-9A1E7A4F7556}") = "X1_Analyzer", "X1_Analyzer\X1_Analyzer.csproj", "{DBB71C4F-F873-4EFE-BA41-0D03E09C8CB5}"
EndProject
Project("{9A19103F-16F7-4668-BE54-9A1E7A4F7556}") = "MPD_DataSearcher", "MPD_DataSearcher\MPD_DataSearcher.csproj", "{3413F58A-6EE3-4486-91AB-9C8807DC0328}"
EndProject
Project("{9A19103F-16F7-4668-BE54-9A1E7A4F7556}") = "CHR_Analyzer", "CHR_Analyzer\CHR_Analyzer.csproj", "{383FDA72-1219-423B-A468-106324985091}"
EndProject
Project("{9A19103F-16F7-4668-BE54-9A1E7A4F7556}") = "SpriteCHR_Builder", "SpriteCHR_Builder\SpriteCHR_Builder.csproj", "{138AB9A3-5551-4337-B12B-960DBA874331}"
EndProject
Project("{9A19103F-16F7-4668-BE54-9A1E7A4F7556}") = "CHRTool", "CHRTool\CHRTool.csproj", "{8F6C10E5-3E75-4B83-968E-5B8A61E5166C}"
EndProject
Project("{9A19103F-16F7-4668-BE54-9A1E7A4F7556}") = "CHR_Recompiler", "CHR_Recompiler\CHR_Recompiler.csproj", "{5D19FC0F-0F8C-423D-9FB8-855FF0E2D61A}"
EndProject
Project("{FAE04EC0-301F-11D3-BF4B-00C04F79EFBC}") = "CHPTableUpdater", "CHPTableUpdater\CHPTableUpdater.csproj", "{61C885AD-DFD5-4EE9-AD51-FC9598F0293E}"
EndProject
Global
	GlobalSection(SolutionConfigurationPlatforms) = preSolution
		Debug|Any CPU = Debug|Any CPU
		Release|Any CPU = Release|Any CPU
	EndGlobalSection
	GlobalSection(ProjectConfigurationPlatforms) = postSolution
		{18FEDA0C-D147-4286-B39A-01204808106A}.Debug|Any CPU.ActiveCfg = Debug|Any CPU
		{18FEDA0C-D147-4286-B39A-01204808106A}.Debug|Any CPU.Build.0 = Debug|Any CPU
		{18FEDA0C-D147-4286-B39A-01204808106A}.Release|Any CPU.ActiveCfg = Release|Any CPU
		{18FEDA0C-D147-4286-B39A-01204808106A}.Release|Any CPU.Build.0 = Release|Any CPU
		{E0FA4C78-8ADF-4B68-A63B-74C76E868940}.Debug|Any CPU.ActiveCfg = Debug|Any CPU
		{E0FA4C78-8ADF-4B68-A63B-74C76E868940}.Debug|Any CPU.Build.0 = Debug|Any CPU
		{E0FA4C78-8ADF-4B68-A63B-74C76E868940}.Release|Any CPU.ActiveCfg = Release|Any CPU
		{E0FA4C78-8ADF-4B68-A63B-74C76E868940}.Release|Any CPU.Build.0 = Release|Any CPU
		{4FBA2497-27D0-42EB-9033-1D7BC6CCD727}.Debug|Any CPU.ActiveCfg = Debug|Any CPU
		{4FBA2497-27D0-42EB-9033-1D7BC6CCD727}.Debug|Any CPU.Build.0 = Debug|Any CPU
		{4FBA2497-27D0-42EB-9033-1D7BC6CCD727}.Release|Any CPU.ActiveCfg = Release|Any CPU
		{4FBA2497-27D0-42EB-9033-1D7BC6CCD727}.Release|Any CPU.Build.0 = Release|Any CPU
		{5FD914BF-326D-4BCD-8858-EAEB83490712}.Debug|Any CPU.ActiveCfg = Debug|Any CPU
		{5FD914BF-326D-4BCD-8858-EAEB83490712}.Debug|Any CPU.Build.0 = Debug|Any CPU
		{5FD914BF-326D-4BCD-8858-EAEB83490712}.Release|Any CPU.ActiveCfg = Release|Any CPU
		{5FD914BF-326D-4BCD-8858-EAEB83490712}.Release|Any CPU.Build.0 = Release|Any CPU
		{374A86FE-863F-4509-922D-CAE6E0FEA139}.Debug|Any CPU.ActiveCfg = Debug|Any CPU
		{374A86FE-863F-4509-922D-CAE6E0FEA139}.Debug|Any CPU.Build.0 = Debug|Any CPU
		{374A86FE-863F-4509-922D-CAE6E0FEA139}.Release|Any CPU.ActiveCfg = Release|Any CPU
		{374A86FE-863F-4509-922D-CAE6E0FEA139}.Release|Any CPU.Build.0 = Release|Any CPU
		{1A41FB82-FF26-46DC-A03F-6C5BF0B8A069}.Debug|Any CPU.ActiveCfg = Debug|Any CPU
		{1A41FB82-FF26-46DC-A03F-6C5BF0B8A069}.Debug|Any CPU.Build.0 = Debug|Any CPU
		{1A41FB82-FF26-46DC-A03F-6C5BF0B8A069}.Release|Any CPU.ActiveCfg = Release|Any CPU
		{1A41FB82-FF26-46DC-A03F-6C5BF0B8A069}.Release|Any CPU.Build.0 = Release|Any CPU
		{1D20A93D-B1F0-4DAF-9B7B-072EF671C02D}.Debug|Any CPU.ActiveCfg = Debug|Any CPU
		{1D20A93D-B1F0-4DAF-9B7B-072EF671C02D}.Debug|Any CPU.Build.0 = Debug|Any CPU
		{1D20A93D-B1F0-4DAF-9B7B-072EF671C02D}.Release|Any CPU.ActiveCfg = Release|Any CPU
		{1D20A93D-B1F0-4DAF-9B7B-072EF671C02D}.Release|Any CPU.Build.0 = Release|Any CPU
		{DBD21823-582A-4A42-92AB-3294E013A4A4}.Debug|Any CPU.ActiveCfg = Debug|Any CPU
		{DBD21823-582A-4A42-92AB-3294E013A4A4}.Debug|Any CPU.Build.0 = Debug|Any CPU
		{DBD21823-582A-4A42-92AB-3294E013A4A4}.Release|Any CPU.ActiveCfg = Release|Any CPU
		{DBD21823-582A-4A42-92AB-3294E013A4A4}.Release|Any CPU.Build.0 = Release|Any CPU
		{5FE12345-C218-45BE-8947-B90000000000}.Debug|Any CPU.ActiveCfg = Debug|Any CPU
		{5FE12345-C218-45BE-8947-B90000000000}.Debug|Any CPU.Build.0 = Debug|Any CPU
		{5FE12345-C218-45BE-8947-B90000000000}.Release|Any CPU.ActiveCfg = Release|Any CPU
		{5FE12345-C218-45BE-8947-B90000000000}.Release|Any CPU.Build.0 = Release|Any CPU
		{94ADF39C-8E74-4ED3-8213-85E2DFAA9746}.Debug|Any CPU.ActiveCfg = Debug|Any CPU
		{94ADF39C-8E74-4ED3-8213-85E2DFAA9746}.Debug|Any CPU.Build.0 = Debug|Any CPU
		{94ADF39C-8E74-4ED3-8213-85E2DFAA9746}.Release|Any CPU.ActiveCfg = Release|Any CPU
		{94ADF39C-8E74-4ED3-8213-85E2DFAA9746}.Release|Any CPU.Build.0 = Release|Any CPU
		{5FE40461-C218-45BE-8947-9B4A8D8291FD}.Debug|Any CPU.ActiveCfg = Debug|Any CPU
		{5FE40461-C218-45BE-8947-9B4A8D8291FD}.Debug|Any CPU.Build.0 = Debug|Any CPU
		{5FE40461-C218-45BE-8947-9B4A8D8291FD}.Release|Any CPU.ActiveCfg = Release|Any CPU
		{5FE40461-C218-45BE-8947-9B4A8D8291FD}.Release|Any CPU.Build.0 = Release|Any CPU
		{759D7B69-16A8-4C18-AE35-4161B1681F97}.Debug|Any CPU.ActiveCfg = Debug|Any CPU
		{759D7B69-16A8-4C18-AE35-4161B1681F97}.Debug|Any CPU.Build.0 = Debug|Any CPU
		{759D7B69-16A8-4C18-AE35-4161B1681F97}.Release|Any CPU.ActiveCfg = Release|Any CPU
		{759D7B69-16A8-4C18-AE35-4161B1681F97}.Release|Any CPU.Build.0 = Release|Any CPU
		{52B0E927-DEF0-4412-BE16-E9D3B5782286}.Debug|Any CPU.ActiveCfg = Debug|Any CPU
		{52B0E927-DEF0-4412-BE16-E9D3B5782286}.Debug|Any CPU.Build.0 = Debug|Any CPU
		{52B0E927-DEF0-4412-BE16-E9D3B5782286}.Release|Any CPU.ActiveCfg = Release|Any CPU
		{52B0E927-DEF0-4412-BE16-E9D3B5782286}.Release|Any CPU.Build.0 = Release|Any CPU
		{315B2FD5-5EBF-4D60-A38C-23D25A4035BD}.Debug|Any CPU.ActiveCfg = Debug|Any CPU
		{315B2FD5-5EBF-4D60-A38C-23D25A4035BD}.Debug|Any CPU.Build.0 = Debug|Any CPU
		{315B2FD5-5EBF-4D60-A38C-23D25A4035BD}.Release|Any CPU.ActiveCfg = Release|Any CPU
		{315B2FD5-5EBF-4D60-A38C-23D25A4035BD}.Release|Any CPU.Build.0 = Release|Any CPU
		{F983BE50-106A-4E2B-8026-EC4B18A2B885}.Debug|Any CPU.ActiveCfg = Debug|Any CPU
		{F983BE50-106A-4E2B-8026-EC4B18A2B885}.Debug|Any CPU.Build.0 = Debug|Any CPU
		{F983BE50-106A-4E2B-8026-EC4B18A2B885}.Release|Any CPU.ActiveCfg = Release|Any CPU
		{F983BE50-106A-4E2B-8026-EC4B18A2B885}.Release|Any CPU.Build.0 = Release|Any CPU
		{EF731AA5-0B9B-4C68-A130-A32F50709F0A}.Debug|Any CPU.ActiveCfg = Debug|Any CPU
		{EF731AA5-0B9B-4C68-A130-A32F50709F0A}.Debug|Any CPU.Build.0 = Debug|Any CPU
		{EF731AA5-0B9B-4C68-A130-A32F50709F0A}.Release|Any CPU.ActiveCfg = Release|Any CPU
		{EF731AA5-0B9B-4C68-A130-A32F50709F0A}.Release|Any CPU.Build.0 = Release|Any CPU
		{81519AE3-94D5-4F2B-B987-09084BD6F2A8}.Debug|Any CPU.ActiveCfg = Debug|Any CPU
		{81519AE3-94D5-4F2B-B987-09084BD6F2A8}.Debug|Any CPU.Build.0 = Debug|Any CPU
		{81519AE3-94D5-4F2B-B987-09084BD6F2A8}.Release|Any CPU.ActiveCfg = Release|Any CPU
		{81519AE3-94D5-4F2B-B987-09084BD6F2A8}.Release|Any CPU.Build.0 = Release|Any CPU
		{FB4791C1-6FD1-48E2-8160-EBCC9884ECD5}.Debug|Any CPU.ActiveCfg = Debug|Any CPU
		{FB4791C1-6FD1-48E2-8160-EBCC9884ECD5}.Debug|Any CPU.Build.0 = Debug|Any CPU
		{FB4791C1-6FD1-48E2-8160-EBCC9884ECD5}.Release|Any CPU.ActiveCfg = Release|Any CPU
		{FB4791C1-6FD1-48E2-8160-EBCC9884ECD5}.Release|Any CPU.Build.0 = Release|Any CPU
		{DBB71C4F-F873-4EFE-BA41-0D03E09C8CB5}.Debug|Any CPU.ActiveCfg = Debug|Any CPU
		{DBB71C4F-F873-4EFE-BA41-0D03E09C8CB5}.Debug|Any CPU.Build.0 = Debug|Any CPU
		{DBB71C4F-F873-4EFE-BA41-0D03E09C8CB5}.Release|Any CPU.ActiveCfg = Release|Any CPU
		{DBB71C4F-F873-4EFE-BA41-0D03E09C8CB5}.Release|Any CPU.Build.0 = Release|Any CPU
		{3413F58A-6EE3-4486-91AB-9C8807DC0328}.Debug|Any CPU.ActiveCfg = Debug|Any CPU
		{3413F58A-6EE3-4486-91AB-9C8807DC0328}.Debug|Any CPU.Build.0 = Debug|Any CPU
		{3413F58A-6EE3-4486-91AB-9C8807DC0328}.Release|Any CPU.ActiveCfg = Release|Any CPU
		{3413F58A-6EE3-4486-91AB-9C8807DC0328}.Release|Any CPU.Build.0 = Release|Any CPU
		{383FDA72-1219-423B-A468-106324985091}.Debug|Any CPU.ActiveCfg = Debug|Any CPU
		{383FDA72-1219-423B-A468-106324985091}.Debug|Any CPU.Build.0 = Debug|Any CPU
		{383FDA72-1219-423B-A468-106324985091}.Release|Any CPU.ActiveCfg = Release|Any CPU
		{383FDA72-1219-423B-A468-106324985091}.Release|Any CPU.Build.0 = Release|Any CPU
		{138AB9A3-5551-4337-B12B-960DBA874331}.Debug|Any CPU.ActiveCfg = Debug|Any CPU
		{138AB9A3-5551-4337-B12B-960DBA874331}.Debug|Any CPU.Build.0 = Debug|Any CPU
		{138AB9A3-5551-4337-B12B-960DBA874331}.Release|Any CPU.ActiveCfg = Release|Any CPU
		{138AB9A3-5551-4337-B12B-960DBA874331}.Release|Any CPU.Build.0 = Release|Any CPU
		{8F6C10E5-3E75-4B83-968E-5B8A61E5166C}.Debug|Any CPU.ActiveCfg = Debug|Any CPU
		{8F6C10E5-3E75-4B83-968E-5B8A61E5166C}.Debug|Any CPU.Build.0 = Debug|Any CPU
		{8F6C10E5-3E75-4B83-968E-5B8A61E5166C}.Release|Any CPU.ActiveCfg = Release|Any CPU
		{8F6C10E5-3E75-4B83-968E-5B8A61E5166C}.Release|Any CPU.Build.0 = Release|Any CPU
		{5D19FC0F-0F8C-423D-9FB8-855FF0E2D61A}.Debug|Any CPU.ActiveCfg = Debug|Any CPU
		{5D19FC0F-0F8C-423D-9FB8-855FF0E2D61A}.Debug|Any CPU.Build.0 = Debug|Any CPU
		{5D19FC0F-0F8C-423D-9FB8-855FF0E2D61A}.Release|Any CPU.ActiveCfg = Release|Any CPU
		{5D19FC0F-0F8C-423D-9FB8-855FF0E2D61A}.Release|Any CPU.Build.0 = Release|Any CPU
		{61C885AD-DFD5-4EE9-AD51-FC9598F0293E}.Debug|Any CPU.ActiveCfg = Debug|Any CPU
		{61C885AD-DFD5-4EE9-AD51-FC9598F0293E}.Debug|Any CPU.Build.0 = Debug|Any CPU
		{61C885AD-DFD5-4EE9-AD51-FC9598F0293E}.Release|Any CPU.ActiveCfg = Release|Any CPU
		{61C885AD-DFD5-4EE9-AD51-FC9598F0293E}.Release|Any CPU.Build.0 = Release|Any CPU
	EndGlobalSection
	GlobalSection(SolutionProperties) = preSolution
		HideSolutionNode = FALSE
	EndGlobalSection
	GlobalSection(NestedProjects) = preSolution
		{18FEDA0C-D147-4286-B39A-01204808106A} = {FDD527A4-C86B-45B4-A469-D592FDB0B864}
		{756FDE67-5C95-4BFC-BFEA-8BB6F41FCBE9} = {937D14A0-1E8B-4E10-B344-BB5D61E18AF2}
		{FDD527A4-C86B-45B4-A469-D592FDB0B864} = {9AB2D95A-1FC5-4CEC-87E9-2ACCEA52DF74}
		{E0FA4C78-8ADF-4B68-A63B-74C76E868940} = {9AB2D95A-1FC5-4CEC-87E9-2ACCEA52DF74}
		{4FBA2497-27D0-42EB-9033-1D7BC6CCD727} = {F90465F3-B791-4EAF-A6B6-D22BFD49C8D7}
		{5FD914BF-326D-4BCD-8858-EAEB83490712} = {52684BA4-CD9B-47C8-B295-A4E504175F3C}
		{374A86FE-863F-4509-922D-CAE6E0FEA139} = {9AB2D95A-1FC5-4CEC-87E9-2ACCEA52DF74}
		{1A41FB82-FF26-46DC-A03F-6C5BF0B8A069} = {F90465F3-B791-4EAF-A6B6-D22BFD49C8D7}
		{1D20A93D-B1F0-4DAF-9B7B-072EF671C02D} = {52684BA4-CD9B-47C8-B295-A4E504175F3C}
		{DBD21823-582A-4A42-92AB-3294E013A4A4} = {9AB2D95A-1FC5-4CEC-87E9-2ACCEA52DF74}
		{5FE12345-C218-45BE-8947-B90000000000} = {9AB2D95A-1FC5-4CEC-87E9-2ACCEA52DF74}
		{94ADF39C-8E74-4ED3-8213-85E2DFAA9746} = {F90465F3-B791-4EAF-A6B6-D22BFD49C8D7}
		{F90465F3-B791-4EAF-A6B6-D22BFD49C8D7} = {9AB2D95A-1FC5-4CEC-87E9-2ACCEA52DF74}
		{5FE40461-C218-45BE-8947-9B4A8D8291FD} = {9AB2D95A-1FC5-4CEC-87E9-2ACCEA52DF74}
		{52684BA4-CD9B-47C8-B295-A4E504175F3C} = {937D14A0-1E8B-4E10-B344-BB5D61E18AF2}
		{759D7B69-16A8-4C18-AE35-4161B1681F97} = {276CACEF-0514-435D-91BF-F2D043C44667}
		{52B0E927-DEF0-4412-BE16-E9D3B5782286} = {756FDE67-5C95-4BFC-BFEA-8BB6F41FCBE9}
		{315B2FD5-5EBF-4D60-A38C-23D25A4035BD} = {9AB2D95A-1FC5-4CEC-87E9-2ACCEA52DF74}
		{276CACEF-0514-435D-91BF-F2D043C44667} = {937D14A0-1E8B-4E10-B344-BB5D61E18AF2}
		{F983BE50-106A-4E2B-8026-EC4B18A2B885} = {276CACEF-0514-435D-91BF-F2D043C44667}
		{EF731AA5-0B9B-4C68-A130-A32F50709F0A} = {276CACEF-0514-435D-91BF-F2D043C44667}
		{81519AE3-94D5-4F2B-B987-09084BD6F2A8} = {9EFB5BD3-9C21-482C-B307-C1D72B37740B}
		{FB4791C1-6FD1-48E2-8160-EBCC9884ECD5} = {276CACEF-0514-435D-91BF-F2D043C44667}
		{9EFB5BD3-9C21-482C-B307-C1D72B37740B} = {937D14A0-1E8B-4E10-B344-BB5D61E18AF2}
		{DBB71C4F-F873-4EFE-BA41-0D03E09C8CB5} = {9EFB5BD3-9C21-482C-B307-C1D72B37740B}
		{3413F58A-6EE3-4486-91AB-9C8807DC0328} = {9EFB5BD3-9C21-482C-B307-C1D72B37740B}
		{383FDA72-1219-423B-A468-106324985091} = {9EFB5BD3-9C21-482C-B307-C1D72B37740B}
		{138AB9A3-5551-4337-B12B-960DBA874331} = {52684BA4-CD9B-47C8-B295-A4E504175F3C}
		{8F6C10E5-3E75-4B83-968E-5B8A61E5166C} = {52684BA4-CD9B-47C8-B295-A4E504175F3C}
		{5D19FC0F-0F8C-423D-9FB8-855FF0E2D61A} = {9EFB5BD3-9C21-482C-B307-C1D72B37740B}
		{61C885AD-DFD5-4EE9-AD51-FC9598F0293E} = {52684BA4-CD9B-47C8-B295-A4E504175F3C}
	EndGlobalSection
	GlobalSection(ExtensibilityGlobals) = postSolution
		SolutionGuid = {A670A182-55F0-4C8C-A7B1-076126D32B1C}
	EndGlobalSection
EndGlobal
