
Microsoft Visual Studio Solution File, Format Version 12.00
# Visual Studio Version 17
VisualStudioVersion = 17.11.35312.102
MinimumVisualStudioVersion = 10.0.40219.1
Project("{FAE04EC0-301F-11D3-BF4B-00C04F79EFBC}") = "ObjectListView2008", "ObjectListView\ObjectListView\ObjectListView2008.csproj", "{18FEDA0C-D147-4286-B39A-01204808106A}"
EndProject
Project("{FAE04EC0-301F-11D3-BF4B-00C04F79EFBC}") = "X1_Editor", "X1_Editor\X1_Editor.csproj", "{CAA87739-16F0-4C15-B3A2-FA7BBFE45A08}"
EndProject
Project("{FAE04EC0-301F-11D3-BF4B-00C04F79EFBC}") = "X002_Editor", "X002_Editor\X002_Editor.csproj", "{FB0E37C5-5CAF-4FD9-A664-A4FF5E9DECEE}"
EndProject
Project("{FAE04EC0-301F-11D3-BF4B-00C04F79EFBC}") = "X013_Editor", "X013_Editor\X013_Editor.csproj", "{E66EE577-8912-4289-AF81-5FEA4E777C43}"
EndProject
Project("{FAE04EC0-301F-11D3-BF4B-00C04F79EFBC}") = "X019_Editor", "X019_Editor\X019_Editor.csproj", "{CB9893C7-2C22-4DA9-AC66-CED832E7E9E8}"
EndProject
Project("{FAE04EC0-301F-11D3-BF4B-00C04F79EFBC}") = "X033_X031_Editor", "X033_X031_Editor\X033_X031_Editor.csproj", "{6FB37163-9D36-425B-BBBC-339F2B98808F}"
EndProject
Project("{FAE04EC0-301F-11D3-BF4B-00C04F79EFBC}") = "IconPointerEditor", "IconPointerEditor\IconPointerEditor.csproj", "{36A41AB8-4D61-4C80-806E-F74EAAB17794}"
EndProject
Project("{2150E333-8FDC-42A3-9474-1A3956D46DE8}") = "Editors", "Editors", "{756FDE67-5C95-4BFC-BFEA-8BB6F41FCBE9}"
EndProject
Project("{2150E333-8FDC-42A3-9474-1A3956D46DE8}") = "3rd Party Libraries", "3rd Party Libraries", "{FDD527A4-C86B-45B4-A469-D592FDB0B864}"
EndProject
Project("{2150E333-8FDC-42A3-9474-1A3956D46DE8}") = "Libraries", "Libraries", "{9AB2D95A-1FC5-4CEC-87E9-2ACCEA52DF74}"
EndProject
Project("{FAE04EC0-301F-11D3-BF4B-00C04F79EFBC}") = "SF3EditorLib", "SF3EditorLib\SF3EditorLib.csproj", "{5FE40461-C218-45BE-8947-9B4A8D8291FD}"
EndProject
Project("{9A19103F-16F7-4668-BE54-9A1E7A4F7556}") = "SF3Lib", "SF3Lib\SF3Lib.csproj", "{E0FA4C78-8ADF-4B68-A63B-74C76E868940}"
EndProject
Project("{9A19103F-16F7-4668-BE54-9A1E7A4F7556}") = "SF3LibTests", "SF3LibTests\SF3LibTests.csproj", "{4FBA2497-27D0-42EB-9033-1D7BC6CCD727}"
EndProject
Project("{2150E333-8FDC-42A3-9474-1A3956D46DE8}") = "Tools", "Tools", "{0CE0F999-88BF-4257-8333-6551807CE753}"
EndProject
Project("{9A19103F-16F7-4668-BE54-9A1E7A4F7556}") = "DFRTool", "DFRTool\DFRTool.csproj", "{5FD914BF-326D-4BCD-8858-EAEB83490712}"
EndProject
Project("{9A19103F-16F7-4668-BE54-9A1E7A4F7556}") = "DFRLib", "DFRLib\DFRLib.csproj", "{374A86FE-863F-4509-922D-CAE6E0FEA139}"
EndProject
Project("{FAE04EC0-301F-11D3-BF4B-00C04F79EFBC}") = "DFRLibTests", "DFRLibTests\DFRLibTests.csproj", "{1A41FB82-FF26-46DC-A03F-6C5BF0B8A069}"
EndProject
Global
	GlobalSection(SolutionConfigurationPlatforms) = preSolution
		Debug|Any CPU = Debug|Any CPU
		Release|Any CPU = Release|Any CPU
	EndGlobalSection
	GlobalSection(ProjectConfigurationPlatforms) = postSolution
		{18FEDA0C-D147-4286-B39A-01204808106A}.Debug|Any CPU.ActiveCfg = Debug|Any CPU
		{18FEDA0C-D147-4286-B39A-01204808106A}.Debug|Any CPU.Build.0 = Debug|Any CPU
		{18FEDA0C-D147-4286-B39A-01204808106A}.Release|Any CPU.ActiveCfg = Release|Any CPU
		{18FEDA0C-D147-4286-B39A-01204808106A}.Release|Any CPU.Build.0 = Release|Any CPU
		{CAA87739-16F0-4C15-B3A2-FA7BBFE45A08}.Debug|Any CPU.ActiveCfg = Debug|Any CPU
		{CAA87739-16F0-4C15-B3A2-FA7BBFE45A08}.Debug|Any CPU.Build.0 = Debug|Any CPU
		{CAA87739-16F0-4C15-B3A2-FA7BBFE45A08}.Release|Any CPU.ActiveCfg = Release|Any CPU
		{CAA87739-16F0-4C15-B3A2-FA7BBFE45A08}.Release|Any CPU.Build.0 = Release|Any CPU
		{FB0E37C5-5CAF-4FD9-A664-A4FF5E9DECEE}.Debug|Any CPU.ActiveCfg = Debug|Any CPU
		{FB0E37C5-5CAF-4FD9-A664-A4FF5E9DECEE}.Debug|Any CPU.Build.0 = Debug|Any CPU
		{FB0E37C5-5CAF-4FD9-A664-A4FF5E9DECEE}.Release|Any CPU.ActiveCfg = Release|Any CPU
		{FB0E37C5-5CAF-4FD9-A664-A4FF5E9DECEE}.Release|Any CPU.Build.0 = Release|Any CPU
		{E66EE577-8912-4289-AF81-5FEA4E777C43}.Debug|Any CPU.ActiveCfg = Debug|Any CPU
		{E66EE577-8912-4289-AF81-5FEA4E777C43}.Debug|Any CPU.Build.0 = Debug|Any CPU
		{E66EE577-8912-4289-AF81-5FEA4E777C43}.Release|Any CPU.ActiveCfg = Release|Any CPU
		{E66EE577-8912-4289-AF81-5FEA4E777C43}.Release|Any CPU.Build.0 = Release|Any CPU
		{CB9893C7-2C22-4DA9-AC66-CED832E7E9E8}.Debug|Any CPU.ActiveCfg = Debug|Any CPU
		{CB9893C7-2C22-4DA9-AC66-CED832E7E9E8}.Debug|Any CPU.Build.0 = Debug|Any CPU
		{CB9893C7-2C22-4DA9-AC66-CED832E7E9E8}.Release|Any CPU.ActiveCfg = Release|Any CPU
		{CB9893C7-2C22-4DA9-AC66-CED832E7E9E8}.Release|Any CPU.Build.0 = Release|Any CPU
		{6FB37163-9D36-425B-BBBC-339F2B98808F}.Debug|Any CPU.ActiveCfg = Debug|Any CPU
		{6FB37163-9D36-425B-BBBC-339F2B98808F}.Debug|Any CPU.Build.0 = Debug|Any CPU
		{6FB37163-9D36-425B-BBBC-339F2B98808F}.Release|Any CPU.ActiveCfg = Release|Any CPU
		{6FB37163-9D36-425B-BBBC-339F2B98808F}.Release|Any CPU.Build.0 = Release|Any CPU
		{36A41AB8-4D61-4C80-806E-F74EAAB17794}.Debug|Any CPU.ActiveCfg = Debug|Any CPU
		{36A41AB8-4D61-4C80-806E-F74EAAB17794}.Debug|Any CPU.Build.0 = Debug|Any CPU
		{36A41AB8-4D61-4C80-806E-F74EAAB17794}.Release|Any CPU.ActiveCfg = Release|Any CPU
		{36A41AB8-4D61-4C80-806E-F74EAAB17794}.Release|Any CPU.Build.0 = Release|Any CPU
		{5FE40461-C218-45BE-8947-9B4A8D8291FD}.Debug|Any CPU.ActiveCfg = Debug|Any CPU
		{5FE40461-C218-45BE-8947-9B4A8D8291FD}.Debug|Any CPU.Build.0 = Debug|Any CPU
		{5FE40461-C218-45BE-8947-9B4A8D8291FD}.Release|Any CPU.ActiveCfg = Release|Any CPU
		{5FE40461-C218-45BE-8947-9B4A8D8291FD}.Release|Any CPU.Build.0 = Release|Any CPU
		{E0FA4C78-8ADF-4B68-A63B-74C76E868940}.Debug|Any CPU.ActiveCfg = Debug|Any CPU
		{E0FA4C78-8ADF-4B68-A63B-74C76E868940}.Debug|Any CPU.Build.0 = Debug|Any CPU
		{E0FA4C78-8ADF-4B68-A63B-74C76E868940}.Release|Any CPU.ActiveCfg = Release|Any CPU
		{E0FA4C78-8ADF-4B68-A63B-74C76E868940}.Release|Any CPU.Build.0 = Release|Any CPU
		{4FBA2497-27D0-42EB-9033-1D7BC6CCD727}.Debug|Any CPU.ActiveCfg = Debug|Any CPU
		{4FBA2497-27D0-42EB-9033-1D7BC6CCD727}.Debug|Any CPU.Build.0 = Debug|Any CPU
		{4FBA2497-27D0-42EB-9033-1D7BC6CCD727}.Release|Any CPU.ActiveCfg = Release|Any CPU
		{4FBA2497-27D0-42EB-9033-1D7BC6CCD727}.Release|Any CPU.Build.0 = Release|Any CPU
		{5FD914BF-326D-4BCD-8858-EAEB83490712}.Debug|Any CPU.ActiveCfg = Debug|Any CPU
		{5FD914BF-326D-4BCD-8858-EAEB83490712}.Debug|Any CPU.Build.0 = Debug|Any CPU
		{5FD914BF-326D-4BCD-8858-EAEB83490712}.Release|Any CPU.ActiveCfg = Release|Any CPU
		{5FD914BF-326D-4BCD-8858-EAEB83490712}.Release|Any CPU.Build.0 = Release|Any CPU
		{374A86FE-863F-4509-922D-CAE6E0FEA139}.Debug|Any CPU.ActiveCfg = Debug|Any CPU
		{374A86FE-863F-4509-922D-CAE6E0FEA139}.Debug|Any CPU.Build.0 = Debug|Any CPU
		{374A86FE-863F-4509-922D-CAE6E0FEA139}.Release|Any CPU.ActiveCfg = Release|Any CPU
		{374A86FE-863F-4509-922D-CAE6E0FEA139}.Release|Any CPU.Build.0 = Release|Any CPU
		{1A41FB82-FF26-46DC-A03F-6C5BF0B8A069}.Debug|Any CPU.ActiveCfg = Debug|Any CPU
		{1A41FB82-FF26-46DC-A03F-6C5BF0B8A069}.Debug|Any CPU.Build.0 = Debug|Any CPU
		{1A41FB82-FF26-46DC-A03F-6C5BF0B8A069}.Release|Any CPU.ActiveCfg = Release|Any CPU
		{1A41FB82-FF26-46DC-A03F-6C5BF0B8A069}.Release|Any CPU.Build.0 = Release|Any CPU
	EndGlobalSection
	GlobalSection(SolutionProperties) = preSolution
		HideSolutionNode = FALSE
	EndGlobalSection
	GlobalSection(NestedProjects) = preSolution
		{18FEDA0C-D147-4286-B39A-01204808106A} = {FDD527A4-C86B-45B4-A469-D592FDB0B864}
		{CAA87739-16F0-4C15-B3A2-FA7BBFE45A08} = {756FDE67-5C95-4BFC-BFEA-8BB6F41FCBE9}
		{FB0E37C5-5CAF-4FD9-A664-A4FF5E9DECEE} = {756FDE67-5C95-4BFC-BFEA-8BB6F41FCBE9}
		{E66EE577-8912-4289-AF81-5FEA4E777C43} = {756FDE67-5C95-4BFC-BFEA-8BB6F41FCBE9}
		{CB9893C7-2C22-4DA9-AC66-CED832E7E9E8} = {756FDE67-5C95-4BFC-BFEA-8BB6F41FCBE9}
		{6FB37163-9D36-425B-BBBC-339F2B98808F} = {756FDE67-5C95-4BFC-BFEA-8BB6F41FCBE9}
		{36A41AB8-4D61-4C80-806E-F74EAAB17794} = {756FDE67-5C95-4BFC-BFEA-8BB6F41FCBE9}
		{5FE40461-C218-45BE-8947-9B4A8D8291FD} = {9AB2D95A-1FC5-4CEC-87E9-2ACCEA52DF74}
		{E0FA4C78-8ADF-4B68-A63B-74C76E868940} = {9AB2D95A-1FC5-4CEC-87E9-2ACCEA52DF74}
		{4FBA2497-27D0-42EB-9033-1D7BC6CCD727} = {9AB2D95A-1FC5-4CEC-87E9-2ACCEA52DF74}
		{5FD914BF-326D-4BCD-8858-EAEB83490712} = {0CE0F999-88BF-4257-8333-6551807CE753}
		{374A86FE-863F-4509-922D-CAE6E0FEA139} = {9AB2D95A-1FC5-4CEC-87E9-2ACCEA52DF74}
	EndGlobalSection
	GlobalSection(ExtensibilityGlobals) = postSolution
		SolutionGuid = {A670A182-55F0-4C8C-A7B1-076126D32B1C}
	EndGlobalSection
EndGlobal
