
Microsoft Visual Studio Solution File, Format Version 12.00
# Visual Studio Version 16
VisualStudioVersion = 16.0.31613.86
MinimumVisualStudioVersion = 10.0.40219.1
Project("{FAE04EC0-301F-11D3-BF4B-00C04F79EFBC}") = "X033_X031_Editor", "X033_X031_Editor\X033_X031_Editor.csproj", "{6FB37163-9D36-425B-BBBC-339F2B98808F}"
EndProject
Project("{FAE04EC0-301F-11D3-BF4B-00C04F79EFBC}") = "ObjectListView2008", "ObjectListView\ObjectListView\ObjectListView2008.csproj", "{18FEDA0C-D147-4286-B39A-01204808106A}"
EndProject
Global
	GlobalSection(SolutionConfigurationPlatforms) = preSolution
		Debug|Any CPU = Debug|Any CPU
		Release|Any CPU = Release|Any CPU
	EndGlobalSection
	GlobalSection(ProjectConfigurationPlatforms) = postSolution
		{6FB37163-9D36-425B-BBBC-339F2B98808F}.Debug|Any CPU.ActiveCfg = Debug|Any CPU
		{6FB37163-9D36-425B-BBBC-339F2B98808F}.Debug|Any CPU.Build.0 = Debug|Any CPU
		{6FB37163-9D36-425B-BBBC-339F2B98808F}.Release|Any CPU.ActiveCfg = Release|Any CPU
		{6FB37163-9D36-425B-BBBC-339F2B98808F}.Release|Any CPU.Build.0 = Release|Any CPU
		{18FEDA0C-D147-4286-B39A-01204808106A}.Debug|Any CPU.ActiveCfg = Debug|Any CPU
		{18FEDA0C-D147-4286-B39A-01204808106A}.Debug|Any CPU.Build.0 = Debug|Any CPU
		{18FEDA0C-D147-4286-B39A-01204808106A}.Release|Any CPU.ActiveCfg = Release|Any CPU
		{18FEDA0C-D147-4286-B39A-01204808106A}.Release|Any CPU.Build.0 = Release|Any CPU
	EndGlobalSection
	GlobalSection(SolutionProperties) = preSolution
		HideSolutionNode = FALSE
	EndGlobalSection
	GlobalSection(ExtensibilityGlobals) = postSolution
		SolutionGuid = {FCB11DD7-70C5-4737-9F0F-19E6F8E28EFB}
	EndGlobalSection
EndGlobal
